NeoBundleLock DrawIt 4e824fc939cec81dc2a8f4d91aaeb6151d1cc140
NeoBundleLock FuzzyFinder b9f165970346df55862853dd83c8a4f2b2b70262
NeoBundleLock L9 c822b05ee0886f9a9703227dc85a6d47612c4bf1
NeoBundleLock Vim-R-plugin 3e8297d9cb40afdc62193107bd827af23aa9a639
NeoBundleLock caw.vim 20b15cfe78ac5cde0e17b495e9256fe1b4577987
NeoBundleLock guicolorscheme.vim 1e3af7a4de8018377bce7ea4ac27f2f509f7f230
NeoBundleLock neobundle.vim c00b40688f335a2e116726c2f8e727fad6f03e4f
NeoBundleLock neocomplete 98b7682408f988e301c4644c68b95e81de053c70
NeoBundleLock open-browser.vim 4184376d06525f9b5fb7c08ce2a482e1d6acf645
NeoBundleLock previm d2113bd2bece790edad0f1ebf222f16e780b8a74
NeoBundleLock vim-align fa5fdeeea25269c3e83262c03dfa1ccd27dbd3c9
NeoBundleLock vim-altr ab218a7d198ce3289a1a6ebf517c9a13faabf018
NeoBundleLock vim-colorschemes 81c6dd7ce3169e5ad9ba92422ba6e1ce5b074e36
NeoBundleLock vim-markdown 091091fdf8f1f7f42bf1a183eab100f923928841
NeoBundleLock vim-quickrun 324a8a3fbc5cdde3de21f0b76fb7cc0775a91c2c
NeoBundleLock vim-repeat bd3b51723559ceefe36484fbd35524a98062ba8e
NeoBundleLock vim-surround fa433e0b7330753688f715f3be5d10dc480f20e5
NeoBundleLock vimdoc-ja 4c9f0a6baa7ed765013523eb50e6409a5916cd55
